
Microsoft Visual Studio Solution File, Format Version 11.00
# Visual Studio 2010
Project("{FAE04EC0-301F-11D3-BF4B-00C04F79EFBC}") = "CreepyHouse", "Assembly-CSharp.csproj", "{7406D7BF-1FDD-1C13-65C9-723142C1C029}"
EndProject
Project("{FAE04EC0-301F-11D3-BF4B-00C04F79EFBC}") = "CreepyHouse", "Assembly-CSharp-Editor.csproj", "{309EDE46-354C-DEE0-7A13-016436F420A7}"
EndProject
Global
	GlobalSection(SolutionConfigurationPlatforms) = preSolution
		Debug|Any CPU = Debug|Any CPU
		Release|Any CPU = Release|Any CPU
	EndGlobalSection
	GlobalSection(ProjectConfigurationPlatforms) = postSolution
		{7406D7BF-1FDD-1C13-65C9-723142C1C029}.Debug|Any CPU.ActiveCfg = Debug|Any CPU
		{7406D7BF-1FDD-1C13-65C9-723142C1C029}.Debug|Any CPU.Build.0 = Debug|Any CPU
		{7406D7BF-1FDD-1C13-65C9-723142C1C029}.Release|Any CPU.ActiveCfg = Release|Any CPU
		{7406D7BF-1FDD-1C13-65C9-723142C1C029}.Release|Any CPU.Build.0 = Release|Any CPU
		{309EDE46-354C-DEE0-7A13-016436F420A7}.Debug|Any CPU.ActiveCfg = Debug|Any CPU
		{309EDE46-354C-DEE0-7A13-016436F420A7}.Debug|Any CPU.Build.0 = Debug|Any CPU
		{309EDE46-354C-DEE0-7A13-016436F420A7}.Release|Any CPU.ActiveCfg = Release|Any CPU
		{309EDE46-354C-DEE0-7A13-016436F420A7}.Release|Any CPU.Build.0 = Release|Any CPU
	EndGlobalSection
	GlobalSection(SolutionProperties) = preSolution
		HideSolutionNode = FALSE
	EndGlobalSection
	GlobalSection(MonoDevelopProperties) = preSolution
		StartupItem = Assembly-CSharp.csproj
	EndGlobalSection
EndGlobal
